
Microsoft Visual Studio Solution File, Format Version 12.00
# Visual Studio Version 17
VisualStudioVersion = 17.14.36717.8 d17.14
MinimumVisualStudioVersion = 10.0.40219.1
Project("{FAE04EC0-301F-11D3-BF4B-00C04F79EFBC}") = "or-data-check", "or-data-check.csproj", "{27B97A6E-F3A2-4929-8CE2-E8D101B342E0}"
EndProject
Global
	GlobalSection(SolutionConfigurationPlatforms) = preSolution
		Debug|Any CPU = Debug|Any CPU
		Release|Any CPU = Release|Any CPU
	EndGlobalSection
	GlobalSection(ProjectConfigurationPlatforms) = postSolution
		{27B97A6E-F3A2-4929-8CE2-E8D101B342E0}.Debug|Any CPU.ActiveCfg = Debug|Any CPU
		{27B97A6E-F3A2-4929-8CE2-E8D101B342E0}.Debug|Any CPU.Build.0 = Debug|Any CPU
		{27B97A6E-F3A2-4929-8CE2-E8D101B342E0}.Release|Any CPU.ActiveCfg = Release|Any CPU
		{27B97A6E-F3A2-4929-8CE2-E8D101B342E0}.Release|Any CPU.Build.0 = Release|Any CPU
	EndGlobalSection
	GlobalSection(SolutionProperties) = preSolution
		HideSolutionNode = FALSE
	EndGlobalSection
	GlobalSection(ExtensibilityGlobals) = postSolution
		SolutionGuid = {F5DC62CB-D53A-4F3D-A230-11CBE1BBE9A5}
	EndGlobalSection
EndGlobal
